PODS:
  - ArrowedTabBarViewController (0.0.2)

DEPENDENCIES:
  - ArrowedTabBarViewController (from `/Users/ihorrapalyuk/Documents/Projects/ArrowedTabBarViewController`)

EXTERNAL SOURCES:
  ArrowedTabBarViewController:
    :path: /Users/ihorrapalyuk/Documents/Projects/ArrowedTabBarViewController

SPEC CHECKSUMS:
  ArrowedTabBarViewController: 481540fb36a9103dd640d7b60d0d0e759cb755c5

COCOAPODS: 0.39.0
